
Microsoft Visual Studio Solution File, Format Version 12.00
# Visual Studio Version 16
VisualStudioVersion = 16.0.30406.217
MinimumVisualStudioVersion = 10.0.40219.1
Project("{FAE04EC0-301F-11D3-BF4B-00C04F79EFBC}") = "PublicForum", "PublicForum.csproj", "{3606DC4E-3833-4D79-91D4-8E00993A2581}"
EndProject
Global
	GlobalSection(SolutionConfigurationPlatforms) = preSolution
		Debug|Any CPU = Debug|Any CPU
		Release|Any CPU = Release|Any CPU
	EndGlobalSection
	GlobalSection(ProjectConfigurationPlatforms) = postSolution
		{3606DC4E-3833-4D79-91D4-8E00993A2581}.Debug|Any CPU.ActiveCfg = Debug|Any CPU
		{3606DC4E-3833-4D79-91D4-8E00993A2581}.Debug|Any CPU.Build.0 = Debug|Any CPU
		{3606DC4E-3833-4D79-91D4-8E00993A2581}.Release|Any CPU.ActiveCfg = Release|Any CPU
		{3606DC4E-3833-4D79-91D4-8E00993A2581}.Release|Any CPU.Build.0 = Release|Any CPU
	EndGlobalSection
	GlobalSection(SolutionProperties) = preSolution
		HideSolutionNode = FALSE
	EndGlobalSection
	GlobalSection(ExtensibilityGlobals) = postSolution
		SolutionGuid = {08579E4E-B0DB-4D7A-8EA7-CD20BB47BD04}
	EndGlobalSection
EndGlobal
